
Microsoft Visual Studio Solution File, Format Version 12.00
# Visual Studio 15
VisualStudioVersion = 15.0.27703.2035
MinimumVisualStudioVersion = 10.0.40219.1
Project("{9A19103F-16F7-4668-BE54-9A1E7A4F7556}") = "Client", "Client.csproj", "{71AE3064-1A9E-4080-9F03-74D57ECB13D1}"
EndProject
Global
	GlobalSection(SolutionConfigurationPlatforms) = preSolution
		Debug|Any CPU = Debug|Any CPU
		Release|Any CPU = Release|Any CPU
	EndGlobalSection
	GlobalSection(ProjectConfigurationPlatforms) = postSolution
		{71AE3064-1A9E-4080-9F03-74D57ECB13D1}.Debug|Any CPU.ActiveCfg = Debug|Any CPU
		{71AE3064-1A9E-4080-9F03-74D57ECB13D1}.Debug|Any CPU.Build.0 = Debug|Any CPU
		{71AE3064-1A9E-4080-9F03-74D57ECB13D1}.Release|Any CPU.ActiveCfg = Release|Any CPU
		{71AE3064-1A9E-4080-9F03-74D57ECB13D1}.Release|Any CPU.Build.0 = Release|Any CPU
	EndGlobalSection
	GlobalSection(SolutionProperties) = preSolution
		HideSolutionNode = FALSE
	EndGlobalSection
	GlobalSection(ExtensibilityGlobals) = postSolution
		SolutionGuid = {265F1147-09B5-4632-A00A-9AFC5BB27530}
	EndGlobalSection
EndGlobal
