
Microsoft Visual Studio Solution File, Format Version 12.00
# Visual Studio 15
VisualStudioVersion = 15.0.26730.0
MinimumVisualStudioVersion = 10.0.40219.1
Project("{FAE04EC0-301F-11D3-BF4B-00C04F79EFBC}") = "MicanetMessageService", "MicanetMessageService\MicanetMessageService.csproj", "{B25D9699-E660-4F7C-8907-F666C3745693}"
EndProject
Global
	GlobalSection(SolutionConfigurationPlatforms) = preSolution
		Debug|Any CPU = Debug|Any CPU
		Release|Any CPU = Release|Any CPU
	EndGlobalSection
	GlobalSection(ProjectConfigurationPlatforms) = postSolution
		{B25D9699-E660-4F7C-8907-F666C3745693}.Debug|Any CPU.ActiveCfg = Debug|Any CPU
		{B25D9699-E660-4F7C-8907-F666C3745693}.Debug|Any CPU.Build.0 = Debug|Any CPU
		{B25D9699-E660-4F7C-8907-F666C3745693}.Release|Any CPU.ActiveCfg = Release|Any CPU
		{B25D9699-E660-4F7C-8907-F666C3745693}.Release|Any CPU.Build.0 = Release|Any CPU
	EndGlobalSection
	GlobalSection(SolutionProperties) = preSolution
		HideSolutionNode = FALSE
	EndGlobalSection
	GlobalSection(ExtensibilityGlobals) = postSolution
		SolutionGuid = {D5D7D6C5-8C97-4627-A0A4-C962C0649A43}
	EndGlobalSection
EndGlobal
