
Microsoft Visual Studio Solution File, Format Version 12.00
# Visual Studio 15
VisualStudioVersion = 15.0.26730.0
MinimumVisualStudioVersion = 10.0.40219.1
Project("{FAE04EC0-301F-11D3-BF4B-00C04F79EFBC}") = "MicanetDirectoryServer", "MicanetDirectoryServer\MicanetDirectoryServer.csproj", "{54367AF9-2E2D-430A-80D2-083FF1B7071D}"
EndProject
Global
	GlobalSection(SolutionConfigurationPlatforms) = preSolution
		Debug|Any CPU = Debug|Any CPU
		Release|Any CPU = Release|Any CPU
	EndGlobalSection
	GlobalSection(ProjectConfigurationPlatforms) = postSolution
		{54367AF9-2E2D-430A-80D2-083FF1B7071D}.Debug|Any CPU.ActiveCfg = Debug|Any CPU
		{54367AF9-2E2D-430A-80D2-083FF1B7071D}.Debug|Any CPU.Build.0 = Debug|Any CPU
		{54367AF9-2E2D-430A-80D2-083FF1B7071D}.Release|Any CPU.ActiveCfg = Release|Any CPU
		{54367AF9-2E2D-430A-80D2-083FF1B7071D}.Release|Any CPU.Build.0 = Release|Any CPU
	EndGlobalSection
	GlobalSection(SolutionProperties) = preSolution
		HideSolutionNode = FALSE
	EndGlobalSection
	GlobalSection(ExtensibilityGlobals) = postSolution
		SolutionGuid = {BBDAF941-5426-42B9-BF46-3C271CD285E1}
	EndGlobalSection
EndGlobal
