
Microsoft Visual Studio Solution File, Format Version 12.00
# Visual Studio 15
VisualStudioVersion = 15.0.27428.2037
MinimumVisualStudioVersion = 10.0.40219.1
Project("{9A19103F-16F7-4668-BE54-9A1E7A4F7556}") = "Pronect.DirectoryServer.Server", "Pronect.DirectoryServer.Server\Pronect.DirectoryServer.Server.csproj", "{86AAEDDD-CF1B-44E2-84D1-EABE59BC448B}"
EndProject
Global
	GlobalSection(SolutionConfigurationPlatforms) = preSolution
		Debug|Any CPU = Debug|Any CPU
		Release|Any CPU = Release|Any CPU
	EndGlobalSection
	GlobalSection(ProjectConfigurationPlatforms) = postSolution
		{86AAEDDD-CF1B-44E2-84D1-EABE59BC448B}.Debug|Any CPU.ActiveCfg = Debug|Any CPU
		{86AAEDDD-CF1B-44E2-84D1-EABE59BC448B}.Debug|Any CPU.Build.0 = Debug|Any CPU
		{86AAEDDD-CF1B-44E2-84D1-EABE59BC448B}.Release|Any CPU.ActiveCfg = Release|Any CPU
		{86AAEDDD-CF1B-44E2-84D1-EABE59BC448B}.Release|Any CPU.Build.0 = Release|Any CPU
	EndGlobalSection
	GlobalSection(SolutionProperties) = preSolution
		HideSolutionNode = FALSE
	EndGlobalSection
	GlobalSection(ExtensibilityGlobals) = postSolution
		SolutionGuid = {904C3AD9-DC50-44FF-80E9-13C38CA96388}
	EndGlobalSection
EndGlobal
