
Microsoft Visual Studio Solution File, Format Version 12.00
# Visual Studio 15
VisualStudioVersion = 15.0.27703.2035
MinimumVisualStudioVersion = 10.0.40219.1
Project("{FAE04EC0-301F-11D3-BF4B-00C04F79EFBC}") = "MouseControl", "MouseControl\MouseControl.csproj", "{BE8B8A76-9C6C-4926-8736-E74DDB0A6978}"
EndProject
Global
	GlobalSection(SolutionConfigurationPlatforms) = preSolution
		Debug|Any CPU = Debug|Any CPU
		Release|Any CPU = Release|Any CPU
	EndGlobalSection
	GlobalSection(ProjectConfigurationPlatforms) = postSolution
		{BE8B8A76-9C6C-4926-8736-E74DDB0A6978}.Debug|Any CPU.ActiveCfg = Debug|Any CPU
		{BE8B8A76-9C6C-4926-8736-E74DDB0A6978}.Debug|Any CPU.Build.0 = Debug|Any CPU
		{BE8B8A76-9C6C-4926-8736-E74DDB0A6978}.Release|Any CPU.ActiveCfg = Release|Any CPU
		{BE8B8A76-9C6C-4926-8736-E74DDB0A6978}.Release|Any CPU.Build.0 = Release|Any CPU
	EndGlobalSection
	GlobalSection(SolutionProperties) = preSolution
		HideSolutionNode = FALSE
	EndGlobalSection
	GlobalSection(ExtensibilityGlobals) = postSolution
		SolutionGuid = {4733C07B-106D-426A-B167-BB8F414192C9}
	EndGlobalSection
EndGlobal
