
Microsoft Visual Studio Solution File, Format Version 12.00
# Visual Studio 15
VisualStudioVersion = 15.0.26124.0
MinimumVisualStudioVersion = 15.0.26124.0
Project("{9A19103F-16F7-4668-BE54-9A1E7A4F7556}") = "ChurchDirectory.DbContext", "ChurchDirectory.DbContext\ChurchDirectory.DbContext.csproj", "{F679150C-D595-4F44-A406-C046F179D4B2}"
EndProject
Project("{9A19103F-16F7-4668-BE54-9A1E7A4F7556}") = "ChurchDirectory.WebApp", "ChurchDirectory.WebApp\ChurchDirectory.WebApp.csproj", "{6F586FDD-6EE5-45AE-8D06-F4AAE338BFD2}"
EndProject
Project("{FAE04EC0-301F-11D3-BF4B-00C04F79EFBC}") = "ChurchDirectory.Services", "ChurchDirectory.Services\ChurchDirectory.Services.csproj", "{BD699A0D-E3B5-4B13-A6DA-A3CB714BEE5B}"
EndProject
Global
	GlobalSection(SolutionConfigurationPlatforms) = preSolution
		Debug|Any CPU = Debug|Any CPU
		Debug|x64 = Debug|x64
		Debug|x86 = Debug|x86
		Release|Any CPU = Release|Any CPU
		Release|x64 = Release|x64
		Release|x86 = Release|x86
	EndGlobalSection
	GlobalSection(ProjectConfigurationPlatforms) = postSolution
		{F679150C-D595-4F44-A406-C046F179D4B2}.Debug|Any CPU.ActiveCfg = Debug|Any CPU
		{F679150C-D595-4F44-A406-C046F179D4B2}.Debug|Any CPU.Build.0 = Debug|Any CPU
		{F679150C-D595-4F44-A406-C046F179D4B2}.Debug|x64.ActiveCfg = Debug|Any CPU
		{F679150C-D595-4F44-A406-C046F179D4B2}.Debug|x64.Build.0 = Debug|Any CPU
		{F679150C-D595-4F44-A406-C046F179D4B2}.Debug|x86.ActiveCfg = Debug|Any CPU
		{F679150C-D595-4F44-A406-C046F179D4B2}.Debug|x86.Build.0 = Debug|Any CPU
		{F679150C-D595-4F44-A406-C046F179D4B2}.Release|Any CPU.ActiveCfg = Release|Any CPU
		{F679150C-D595-4F44-A406-C046F179D4B2}.Release|Any CPU.Build.0 = Release|Any CPU
		{F679150C-D595-4F44-A406-C046F179D4B2}.Release|x64.ActiveCfg = Release|Any CPU
		{F679150C-D595-4F44-A406-C046F179D4B2}.Release|x64.Build.0 = Release|Any CPU
		{F679150C-D595-4F44-A406-C046F179D4B2}.Release|x86.ActiveCfg = Release|Any CPU
		{F679150C-D595-4F44-A406-C046F179D4B2}.Release|x86.Build.0 = Release|Any CPU
		{6F586FDD-6EE5-45AE-8D06-F4AAE338BFD2}.Debug|Any CPU.ActiveCfg = Debug|Any CPU
		{6F586FDD-6EE5-45AE-8D06-F4AAE338BFD2}.Debug|Any CPU.Build.0 = Debug|Any CPU
		{6F586FDD-6EE5-45AE-8D06-F4AAE338BFD2}.Debug|x64.ActiveCfg = Debug|Any CPU
		{6F586FDD-6EE5-45AE-8D06-F4AAE338BFD2}.Debug|x64.Build.0 = Debug|Any CPU
		{6F586FDD-6EE5-45AE-8D06-F4AAE338BFD2}.Debug|x86.ActiveCfg = Debug|Any CPU
		{6F586FDD-6EE5-45AE-8D06-F4AAE338BFD2}.Debug|x86.Build.0 = Debug|Any CPU
		{6F586FDD-6EE5-45AE-8D06-F4AAE338BFD2}.Release|Any CPU.ActiveCfg = Release|Any CPU
		{6F586FDD-6EE5-45AE-8D06-F4AAE338BFD2}.Release|Any CPU.Build.0 = Release|Any CPU
		{6F586FDD-6EE5-45AE-8D06-F4AAE338BFD2}.Release|x64.ActiveCfg = Release|Any CPU
		{6F586FDD-6EE5-45AE-8D06-F4AAE338BFD2}.Release|x64.Build.0 = Release|Any CPU
		{6F586FDD-6EE5-45AE-8D06-F4AAE338BFD2}.Release|x86.ActiveCfg = Release|Any CPU
		{6F586FDD-6EE5-45AE-8D06-F4AAE338BFD2}.Release|x86.Build.0 = Release|Any CPU
		{BD699A0D-E3B5-4B13-A6DA-A3CB714BEE5B}.Debug|Any CPU.ActiveCfg = Debug|Any CPU
		{BD699A0D-E3B5-4B13-A6DA-A3CB714BEE5B}.Debug|Any CPU.Build.0 = Debug|Any CPU
		{BD699A0D-E3B5-4B13-A6DA-A3CB714BEE5B}.Debug|x64.ActiveCfg = Debug|Any CPU
		{BD699A0D-E3B5-4B13-A6DA-A3CB714BEE5B}.Debug|x64.Build.0 = Debug|Any CPU
		{BD699A0D-E3B5-4B13-A6DA-A3CB714BEE5B}.Debug|x86.ActiveCfg = Debug|Any CPU
		{BD699A0D-E3B5-4B13-A6DA-A3CB714BEE5B}.Debug|x86.Build.0 = Debug|Any CPU
		{BD699A0D-E3B5-4B13-A6DA-A3CB714BEE5B}.Release|Any CPU.ActiveCfg = Release|Any CPU
		{BD699A0D-E3B5-4B13-A6DA-A3CB714BEE5B}.Release|Any CPU.Build.0 = Release|Any CPU
		{BD699A0D-E3B5-4B13-A6DA-A3CB714BEE5B}.Release|x64.ActiveCfg = Release|Any CPU
		{BD699A0D-E3B5-4B13-A6DA-A3CB714BEE5B}.Release|x64.Build.0 = Release|Any CPU
		{BD699A0D-E3B5-4B13-A6DA-A3CB714BEE5B}.Release|x86.ActiveCfg = Release|Any CPU
		{BD699A0D-E3B5-4B13-A6DA-A3CB714BEE5B}.Release|x86.Build.0 = Release|Any CPU
	EndGlobalSection
	GlobalSection(SolutionProperties) = preSolution
		HideSolutionNode = FALSE
	EndGlobalSection
	GlobalSection(ExtensibilityGlobals) = postSolution
		SolutionGuid = {8EB73B7B-FB50-420D-B5D5-8A7A06935023}
	EndGlobalSection
EndGlobal
