
Microsoft Visual Studio Solution File, Format Version 12.00
# Visual Studio 15
VisualStudioVersion = 15.0.27428.2037
MinimumVisualStudioVersion = 10.0.40219.1
Project("{FAE04EC0-301F-11D3-BF4B-00C04F79EFBC}") = "Pronect.RecordServer.API", "Pronect.RecordServer.API\Pronect.RecordServer.API.csproj", "{37A40ED4-F972-4924-8F3A-659C00CFF496}"
EndProject
Project("{FAE04EC0-301F-11D3-BF4B-00C04F79EFBC}") = "Pronect.RecordServer.DbContext", "Pronect.RecordServer.DbContext\Pronect.RecordServer.DbContext.csproj", "{98398293-0403-4699-84FA-2B35C61D23D2}"
EndProject
Global
	GlobalSection(SolutionConfigurationPlatforms) = preSolution
		Debug|Any CPU = Debug|Any CPU
		Release|Any CPU = Release|Any CPU
	EndGlobalSection
	GlobalSection(ProjectConfigurationPlatforms) = postSolution
		{37A40ED4-F972-4924-8F3A-659C00CFF496}.Debug|Any CPU.ActiveCfg = Debug|Any CPU
		{37A40ED4-F972-4924-8F3A-659C00CFF496}.Debug|Any CPU.Build.0 = Debug|Any CPU
		{37A40ED4-F972-4924-8F3A-659C00CFF496}.Release|Any CPU.ActiveCfg = Release|Any CPU
		{37A40ED4-F972-4924-8F3A-659C00CFF496}.Release|Any CPU.Build.0 = Release|Any CPU
		{98398293-0403-4699-84FA-2B35C61D23D2}.Debug|Any CPU.ActiveCfg = Debug|Any CPU
		{98398293-0403-4699-84FA-2B35C61D23D2}.Debug|Any CPU.Build.0 = Debug|Any CPU
		{98398293-0403-4699-84FA-2B35C61D23D2}.Release|Any CPU.ActiveCfg = Release|Any CPU
		{98398293-0403-4699-84FA-2B35C61D23D2}.Release|Any CPU.Build.0 = Release|Any CPU
	EndGlobalSection
	GlobalSection(SolutionProperties) = preSolution
		HideSolutionNode = FALSE
	EndGlobalSection
	GlobalSection(ExtensibilityGlobals) = postSolution
		SolutionGuid = {6AAC314D-F07E-462B-ABAE-53C919BD1635}
	EndGlobalSection
EndGlobal
